
Microsoft Visual Studio Solution File, Format Version 12.00
# Visual Studio Version 17
VisualStudioVersion = 17.10.35122.118
MinimumVisualStudioVersion = 10.0.40219.1
Project("{FAE04EC0-301F-11D3-BF4B-00C04F79EFBC}") = "Repositories", "Repositories\Repositories.csproj", "{4F3D4ECA-98C8-46D4-8E54-0EFC4B58382F}"
EndProject
Project("{FAE04EC0-301F-11D3-BF4B-00C04F79EFBC}") = "Services", "Services\Services.csproj", "{FA777A72-54AB-470F-831E-CFCD3C7066CD}"
	ProjectSection(ProjectDependencies) = postProject
		{4F3D4ECA-98C8-46D4-8E54-0EFC4B58382F} = {4F3D4ECA-98C8-46D4-8E54-0EFC4B58382F}
	EndProjectSection
EndProject
Project("{FAE04EC0-301F-11D3-BF4B-00C04F79EFBC}") = "App.API", "App.API\App.API.csproj", "{59AD3712-77CB-49D1-98CB-374E20A566A1}"
	ProjectSection(ProjectDependencies) = postProject
		{FA777A72-54AB-470F-831E-CFCD3C7066CD} = {FA777A72-54AB-470F-831E-CFCD3C7066CD}
	EndProjectSection
EndProject
Global
	GlobalSection(SolutionConfigurationPlatforms) = preSolution
		Debug|Any CPU = Debug|Any CPU
		Release|Any CPU = Release|Any CPU
	EndGlobalSection
	GlobalSection(ProjectConfigurationPlatforms) = postSolution
		{4F3D4ECA-98C8-46D4-8E54-0EFC4B58382F}.Debug|Any CPU.ActiveCfg = Debug|Any CPU
		{4F3D4ECA-98C8-46D4-8E54-0EFC4B58382F}.Debug|Any CPU.Build.0 = Debug|Any CPU
		{4F3D4ECA-98C8-46D4-8E54-0EFC4B58382F}.Release|Any CPU.ActiveCfg = Release|Any CPU
		{4F3D4ECA-98C8-46D4-8E54-0EFC4B58382F}.Release|Any CPU.Build.0 = Release|Any CPU
		{FA777A72-54AB-470F-831E-CFCD3C7066CD}.Debug|Any CPU.ActiveCfg = Debug|Any CPU
		{FA777A72-54AB-470F-831E-CFCD3C7066CD}.Debug|Any CPU.Build.0 = Debug|Any CPU
		{FA777A72-54AB-470F-831E-CFCD3C7066CD}.Release|Any CPU.ActiveCfg = Release|Any CPU
		{FA777A72-54AB-470F-831E-CFCD3C7066CD}.Release|Any CPU.Build.0 = Release|Any CPU
		{59AD3712-77CB-49D1-98CB-374E20A566A1}.Debug|Any CPU.ActiveCfg = Debug|Any CPU
		{59AD3712-77CB-49D1-98CB-374E20A566A1}.Debug|Any CPU.Build.0 = Debug|Any CPU
		{59AD3712-77CB-49D1-98CB-374E20A566A1}.Release|Any CPU.ActiveCfg = Release|Any CPU
		{59AD3712-77CB-49D1-98CB-374E20A566A1}.Release|Any CPU.Build.0 = Release|Any CPU
	EndGlobalSection
	GlobalSection(SolutionProperties) = preSolution
		HideSolutionNode = FALSE
	EndGlobalSection
	GlobalSection(ExtensibilityGlobals) = postSolution
		SolutionGuid = {509C868B-1167-4ABB-9B06-A37A634ED74C}
	EndGlobalSection
EndGlobal
